
Microsoft Visual Studio Solution File, Format Version 12.00
# Visual Studio 2012
Project("{FAE04EC0-301F-11D3-BF4B-00C04F79EFBC}") = "MacCoolApp", "MacCoolApp\MacCoolApp.csproj", "{BDECBE4B-F410-45E3-BF6C-B7726D8A4F9F}"
EndProject
Global
	GlobalSection(SolutionConfigurationPlatforms) = preSolution
		Debug|Any CPU = Debug|Any CPU
		Release|Any CPU = Release|Any CPU
	EndGlobalSection
	GlobalSection(ProjectConfigurationPlatforms) = postSolution
		{BDECBE4B-F410-45E3-BF6C-B7726D8A4F9F}.Debug|Any CPU.ActiveCfg = Debug|Any CPU
		{BDECBE4B-F410-45E3-BF6C-B7726D8A4F9F}.Debug|Any CPU.Build.0 = Debug|Any CPU
		{BDECBE4B-F410-45E3-BF6C-B7726D8A4F9F}.Release|Any CPU.ActiveCfg = Release|Any CPU
		{BDECBE4B-F410-45E3-BF6C-B7726D8A4F9F}.Release|Any CPU.Build.0 = Release|Any CPU
	EndGlobalSection
EndGlobal
